
Microsoft Visual Studio Solution File, Format Version 12.00
# Visual Studio Version 16
VisualStudioVersion = 16.0.31702.278
MinimumVisualStudioVersion = 10.0.40219.1
Project("{FAE04EC0-301F-11D3-BF4B-00C04F79EFBC}") = "LTCSDL", "LTCSDL\LTCSDL.csproj", "{A03E221E-57C2-48BD-A41E-480940908191}"
EndProject
Global
	GlobalSection(SolutionConfigurationPlatforms) = preSolution
		Debug|Any CPU = Debug|Any CPU
		Release|Any CPU = Release|Any CPU
	EndGlobalSection
	GlobalSection(ProjectConfigurationPlatforms) = postSolution
		{A03E221E-57C2-48BD-A41E-480940908191}.Debug|Any CPU.ActiveCfg = Debug|Any CPU
		{A03E221E-57C2-48BD-A41E-480940908191}.Debug|Any CPU.Build.0 = Debug|Any CPU
		{A03E221E-57C2-48BD-A41E-480940908191}.Release|Any CPU.ActiveCfg = Release|Any CPU
		{A03E221E-57C2-48BD-A41E-480940908191}.Release|Any CPU.Build.0 = Release|Any CPU
	EndGlobalSection
	GlobalSection(SolutionProperties) = preSolution
		HideSolutionNode = FALSE
	EndGlobalSection
	GlobalSection(ExtensibilityGlobals) = postSolution
		SolutionGuid = {4475D3A6-B9E6-436B-BD11-B29074CF8EF1}
	EndGlobalSection
EndGlobal
